
Microsoft Visual Studio Solution File, Format Version 12.00
# Visual Studio 2013
VisualStudioVersion = 12.0.31101.0
MinimumVisualStudioVersion = 10.0.40219.1
Project("{FAE04EC0-301F-11D3-BF4B-00C04F79EFBC}") = "VKImporter", "VKImporter\VKImporter.csproj", "{B8C66AD6-57EA-4C74-B47E-DCF4682B7F18}"
EndProject
Project("{FAE04EC0-301F-11D3-BF4B-00C04F79EFBC}") = "TestVKImporter", "TestVKImporter\TestVKImporter.csproj", "{9A7BCF1F-0432-4073-B7B5-C688273822A3}"
EndProject
Project("{FAE04EC0-301F-11D3-BF4B-00C04F79EFBC}") = "Common", "Common\Common.csproj", "{7BAA550D-EA10-462D-9922-1A1E4245FB8D}"
EndProject
Project("{FAE04EC0-301F-11D3-BF4B-00C04F79EFBC}") = "OKImporter", "OKImporter\OKImporter.csproj", "{B2092DD7-0FC3-473C-8FD6-D8355E14FF03}"
EndProject
Project("{FAE04EC0-301F-11D3-BF4B-00C04F79EFBC}") = "TestOKImporter", "TestOKImporter\TestOKImporter.csproj", "{01F75CF8-16B5-4801-9A20-F877FA166B4C}"
EndProject
Project("{FAE04EC0-301F-11D3-BF4B-00C04F79EFBC}") = "VKFinder", "VKFinder\VKFinder.csproj", "{DDE12AA1-025F-4919-B127-1698BFE70665}"
EndProject
Project("{FAE04EC0-301F-11D3-BF4B-00C04F79EFBC}") = "VKGroups", "VKGroups\VKGroups.csproj", "{C08E2BE8-DE11-4D89-A104-440A78EB4E9B}"
EndProject
Project("{FAE04EC0-301F-11D3-BF4B-00C04F79EFBC}") = "VKCommunityAnalyzer", "VKCommunityAnalyzer\VKCommunityAnalyzer.csproj", "{EFE10A12-5C12-44D5-A4FA-F1584ECD74E2}"
EndProject
Project("{FAE04EC0-301F-11D3-BF4B-00C04F79EFBC}") = "VKContentNet", "VKContentNet\VKContentNet.csproj", "{C7593C96-E6FA-4E77-A19B-D5199B4DE845}"
EndProject
Global
	GlobalSection(SolutionConfigurationPlatforms) = preSolution
		Debug|Any CPU = Debug|Any CPU
		Debug|Mixed Platforms = Debug|Mixed Platforms
		Debug|x86 = Debug|x86
		Release|Any CPU = Release|Any CPU
		Release|Mixed Platforms = Release|Mixed Platforms
		Release|x86 = Release|x86
		Description = RuNet SN importer for NodeXL
	EndGlobalSection
	GlobalSection(ProjectConfigurationPlatforms) = postSolution
		{B8C66AD6-57EA-4C74-B47E-DCF4682B7F18}.Debug|Any CPU.ActiveCfg = Debug|Any CPU
		{B8C66AD6-57EA-4C74-B47E-DCF4682B7F18}.Debug|Any CPU.Build.0 = Debug|Any CPU
		{B8C66AD6-57EA-4C74-B47E-DCF4682B7F18}.Debug|Mixed Platforms.ActiveCfg = Debug|Any CPU
		{B8C66AD6-57EA-4C74-B47E-DCF4682B7F18}.Debug|Mixed Platforms.Build.0 = Debug|Any CPU
		{B8C66AD6-57EA-4C74-B47E-DCF4682B7F18}.Debug|x86.ActiveCfg = Debug|Any CPU
		{B8C66AD6-57EA-4C74-B47E-DCF4682B7F18}.Release|Any CPU.ActiveCfg = Release|Any CPU
		{B8C66AD6-57EA-4C74-B47E-DCF4682B7F18}.Release|Any CPU.Build.0 = Release|Any CPU
		{B8C66AD6-57EA-4C74-B47E-DCF4682B7F18}.Release|Mixed Platforms.ActiveCfg = Release|Any CPU
		{B8C66AD6-57EA-4C74-B47E-DCF4682B7F18}.Release|Mixed Platforms.Build.0 = Release|Any CPU
		{B8C66AD6-57EA-4C74-B47E-DCF4682B7F18}.Release|x86.ActiveCfg = Release|Any CPU
		{9A7BCF1F-0432-4073-B7B5-C688273822A3}.Debug|Any CPU.ActiveCfg = Debug|x86
		{9A7BCF1F-0432-4073-B7B5-C688273822A3}.Debug|Mixed Platforms.ActiveCfg = Debug|x86
		{9A7BCF1F-0432-4073-B7B5-C688273822A3}.Debug|Mixed Platforms.Build.0 = Debug|x86
		{9A7BCF1F-0432-4073-B7B5-C688273822A3}.Debug|x86.ActiveCfg = Debug|x86
		{9A7BCF1F-0432-4073-B7B5-C688273822A3}.Debug|x86.Build.0 = Debug|x86
		{9A7BCF1F-0432-4073-B7B5-C688273822A3}.Release|Any CPU.ActiveCfg = Release|x86
		{9A7BCF1F-0432-4073-B7B5-C688273822A3}.Release|Mixed Platforms.ActiveCfg = Release|x86
		{9A7BCF1F-0432-4073-B7B5-C688273822A3}.Release|Mixed Platforms.Build.0 = Release|x86
		{9A7BCF1F-0432-4073-B7B5-C688273822A3}.Release|x86.ActiveCfg = Release|x86
		{9A7BCF1F-0432-4073-B7B5-C688273822A3}.Release|x86.Build.0 = Release|x86
		{7BAA550D-EA10-462D-9922-1A1E4245FB8D}.Debug|Any CPU.ActiveCfg = Debug|Any CPU
		{7BAA550D-EA10-462D-9922-1A1E4245FB8D}.Debug|Any CPU.Build.0 = Debug|Any CPU
		{7BAA550D-EA10-462D-9922-1A1E4245FB8D}.Debug|Mixed Platforms.ActiveCfg = Debug|Any CPU
		{7BAA550D-EA10-462D-9922-1A1E4245FB8D}.Debug|Mixed Platforms.Build.0 = Debug|Any CPU
		{7BAA550D-EA10-462D-9922-1A1E4245FB8D}.Debug|x86.ActiveCfg = Debug|Any CPU
		{7BAA550D-EA10-462D-9922-1A1E4245FB8D}.Release|Any CPU.ActiveCfg = Release|Any CPU
		{7BAA550D-EA10-462D-9922-1A1E4245FB8D}.Release|Any CPU.Build.0 = Release|Any CPU
		{7BAA550D-EA10-462D-9922-1A1E4245FB8D}.Release|Mixed Platforms.ActiveCfg = Release|Any CPU
		{7BAA550D-EA10-462D-9922-1A1E4245FB8D}.Release|Mixed Platforms.Build.0 = Release|Any CPU
		{7BAA550D-EA10-462D-9922-1A1E4245FB8D}.Release|x86.ActiveCfg = Release|Any CPU
		{B2092DD7-0FC3-473C-8FD6-D8355E14FF03}.Debug|Any CPU.ActiveCfg = Debug|Any CPU
		{B2092DD7-0FC3-473C-8FD6-D8355E14FF03}.Debug|Any CPU.Build.0 = Debug|Any CPU
		{B2092DD7-0FC3-473C-8FD6-D8355E14FF03}.Debug|Mixed Platforms.ActiveCfg = Debug|Any CPU
		{B2092DD7-0FC3-473C-8FD6-D8355E14FF03}.Debug|Mixed Platforms.Build.0 = Debug|Any CPU
		{B2092DD7-0FC3-473C-8FD6-D8355E14FF03}.Debug|x86.ActiveCfg = Debug|Any CPU
		{B2092DD7-0FC3-473C-8FD6-D8355E14FF03}.Release|Any CPU.ActiveCfg = Release|Any CPU
		{B2092DD7-0FC3-473C-8FD6-D8355E14FF03}.Release|Any CPU.Build.0 = Release|Any CPU
		{B2092DD7-0FC3-473C-8FD6-D8355E14FF03}.Release|Mixed Platforms.ActiveCfg = Release|Any CPU
		{B2092DD7-0FC3-473C-8FD6-D8355E14FF03}.Release|Mixed Platforms.Build.0 = Release|Any CPU
		{B2092DD7-0FC3-473C-8FD6-D8355E14FF03}.Release|x86.ActiveCfg = Release|Any CPU
		{01F75CF8-16B5-4801-9A20-F877FA166B4C}.Debug|Any CPU.ActiveCfg = Debug|x86
		{01F75CF8-16B5-4801-9A20-F877FA166B4C}.Debug|Mixed Platforms.ActiveCfg = Debug|x86
		{01F75CF8-16B5-4801-9A20-F877FA166B4C}.Debug|Mixed Platforms.Build.0 = Debug|x86
		{01F75CF8-16B5-4801-9A20-F877FA166B4C}.Debug|x86.ActiveCfg = Debug|x86
		{01F75CF8-16B5-4801-9A20-F877FA166B4C}.Debug|x86.Build.0 = Debug|x86
		{01F75CF8-16B5-4801-9A20-F877FA166B4C}.Release|Any CPU.ActiveCfg = Release|x86
		{01F75CF8-16B5-4801-9A20-F877FA166B4C}.Release|Mixed Platforms.ActiveCfg = Release|x86
		{01F75CF8-16B5-4801-9A20-F877FA166B4C}.Release|Mixed Platforms.Build.0 = Release|x86
		{01F75CF8-16B5-4801-9A20-F877FA166B4C}.Release|x86.ActiveCfg = Release|x86
		{01F75CF8-16B5-4801-9A20-F877FA166B4C}.Release|x86.Build.0 = Release|x86
		{DDE12AA1-025F-4919-B127-1698BFE70665}.Debug|Any CPU.ActiveCfg = Debug|x86
		{DDE12AA1-025F-4919-B127-1698BFE70665}.Debug|Mixed Platforms.ActiveCfg = Debug|x86
		{DDE12AA1-025F-4919-B127-1698BFE70665}.Debug|Mixed Platforms.Build.0 = Debug|x86
		{DDE12AA1-025F-4919-B127-1698BFE70665}.Debug|x86.ActiveCfg = Debug|x86
		{DDE12AA1-025F-4919-B127-1698BFE70665}.Debug|x86.Build.0 = Debug|x86
		{DDE12AA1-025F-4919-B127-1698BFE70665}.Release|Any CPU.ActiveCfg = Release|x86
		{DDE12AA1-025F-4919-B127-1698BFE70665}.Release|Mixed Platforms.ActiveCfg = Release|x86
		{DDE12AA1-025F-4919-B127-1698BFE70665}.Release|Mixed Platforms.Build.0 = Release|x86
		{DDE12AA1-025F-4919-B127-1698BFE70665}.Release|x86.ActiveCfg = Release|x86
		{DDE12AA1-025F-4919-B127-1698BFE70665}.Release|x86.Build.0 = Release|x86
		{C08E2BE8-DE11-4D89-A104-440A78EB4E9B}.Debug|Any CPU.ActiveCfg = Debug|Any CPU
		{C08E2BE8-DE11-4D89-A104-440A78EB4E9B}.Debug|Any CPU.Build.0 = Debug|Any CPU
		{C08E2BE8-DE11-4D89-A104-440A78EB4E9B}.Debug|Mixed Platforms.ActiveCfg = Debug|Any CPU
		{C08E2BE8-DE11-4D89-A104-440A78EB4E9B}.Debug|Mixed Platforms.Build.0 = Debug|Any CPU
		{C08E2BE8-DE11-4D89-A104-440A78EB4E9B}.Debug|x86.ActiveCfg = Debug|Any CPU
		{C08E2BE8-DE11-4D89-A104-440A78EB4E9B}.Release|Any CPU.ActiveCfg = Release|Any CPU
		{C08E2BE8-DE11-4D89-A104-440A78EB4E9B}.Release|Any CPU.Build.0 = Release|Any CPU
		{C08E2BE8-DE11-4D89-A104-440A78EB4E9B}.Release|Mixed Platforms.ActiveCfg = Release|Any CPU
		{C08E2BE8-DE11-4D89-A104-440A78EB4E9B}.Release|Mixed Platforms.Build.0 = Release|Any CPU
		{C08E2BE8-DE11-4D89-A104-440A78EB4E9B}.Release|x86.ActiveCfg = Release|Any CPU
		{EFE10A12-5C12-44D5-A4FA-F1584ECD74E2}.Debug|Any CPU.ActiveCfg = Debug|Any CPU
		{EFE10A12-5C12-44D5-A4FA-F1584ECD74E2}.Debug|Any CPU.Build.0 = Debug|Any CPU
		{EFE10A12-5C12-44D5-A4FA-F1584ECD74E2}.Debug|Mixed Platforms.ActiveCfg = Debug|Any CPU
		{EFE10A12-5C12-44D5-A4FA-F1584ECD74E2}.Debug|Mixed Platforms.Build.0 = Debug|Any CPU
		{EFE10A12-5C12-44D5-A4FA-F1584ECD74E2}.Debug|x86.ActiveCfg = Debug|Any CPU
		{EFE10A12-5C12-44D5-A4FA-F1584ECD74E2}.Release|Any CPU.ActiveCfg = Release|Any CPU
		{EFE10A12-5C12-44D5-A4FA-F1584ECD74E2}.Release|Any CPU.Build.0 = Release|Any CPU
		{EFE10A12-5C12-44D5-A4FA-F1584ECD74E2}.Release|Mixed Platforms.ActiveCfg = Release|Any CPU
		{EFE10A12-5C12-44D5-A4FA-F1584ECD74E2}.Release|Mixed Platforms.Build.0 = Release|Any CPU
		{EFE10A12-5C12-44D5-A4FA-F1584ECD74E2}.Release|x86.ActiveCfg = Release|Any CPU
		{C7593C96-E6FA-4E77-A19B-D5199B4DE845}.Debug|Any CPU.ActiveCfg = Debug|Any CPU
		{C7593C96-E6FA-4E77-A19B-D5199B4DE845}.Debug|Any CPU.Build.0 = Debug|Any CPU
		{C7593C96-E6FA-4E77-A19B-D5199B4DE845}.Debug|Mixed Platforms.ActiveCfg = Debug|Any CPU
		{C7593C96-E6FA-4E77-A19B-D5199B4DE845}.Debug|Mixed Platforms.Build.0 = Debug|Any CPU
		{C7593C96-E6FA-4E77-A19B-D5199B4DE845}.Debug|x86.ActiveCfg = Debug|Any CPU
		{C7593C96-E6FA-4E77-A19B-D5199B4DE845}.Release|Any CPU.ActiveCfg = Release|Any CPU
		{C7593C96-E6FA-4E77-A19B-D5199B4DE845}.Release|Any CPU.Build.0 = Release|Any CPU
		{C7593C96-E6FA-4E77-A19B-D5199B4DE845}.Release|Mixed Platforms.ActiveCfg = Release|Any CPU
		{C7593C96-E6FA-4E77-A19B-D5199B4DE845}.Release|Mixed Platforms.Build.0 = Release|Any CPU
		{C7593C96-E6FA-4E77-A19B-D5199B4DE845}.Release|x86.ActiveCfg = Release|Any CPU
	EndGlobalSection
	GlobalSection(SolutionProperties) = preSolution
		HideSolutionNode = FALSE
	EndGlobalSection
EndGlobal
